
Microsoft Visual Studio Solution File, Format Version 12.00
# Visual Studio Version 17
VisualStudioVersion = 17.11.35312.102
MinimumVisualStudioVersion = 10.0.40219.1
Project("{9A19103F-16F7-4668-BE54-9A1E7A4F7556}") = "ToDoListAPI", "To-Do List\ToDoListAPI.csproj", "{AF63D125-EFB6-4EB3-AE52-A3D24A85D471}"
EndProject
Global
	GlobalSection(SolutionConfigurationPlatforms) = preSolution
		Debug|Any CPU = Debug|Any CPU
		Release|Any CPU = Release|Any CPU
	EndGlobalSection
	GlobalSection(ProjectConfigurationPlatforms) = postSolution
		{AF63D125-EFB6-4EB3-AE52-A3D24A85D471}.Debug|Any CPU.ActiveCfg = Debug|Any CPU
		{AF63D125-EFB6-4EB3-AE52-A3D24A85D471}.Debug|Any CPU.Build.0 = Debug|Any CPU
		{AF63D125-EFB6-4EB3-AE52-A3D24A85D471}.Release|Any CPU.ActiveCfg = Release|Any CPU
		{AF63D125-EFB6-4EB3-AE52-A3D24A85D471}.Release|Any CPU.Build.0 = Release|Any CPU
	EndGlobalSection
	GlobalSection(SolutionProperties) = preSolution
		HideSolutionNode = FALSE
	EndGlobalSection
	GlobalSection(ExtensibilityGlobals) = postSolution
		SolutionGuid = {C3C90871-1465-480C-A6AF-D3FDECC42B22}
	EndGlobalSection
EndGlobal
